// !$*UTF8*$!
{
	archiveVersion = 1;
	classes = {
	};
	objectVersion = 56;
	objects = {

/* Begin PBXBuildFile section */
		9E5A8A092BAAF4AC00E39077 /* SlotApp.swift in Sources */ = {isa = PBXBuildFile; fileRef = 9E5A8A082BAAF4AC00E39077 /* SlotApp.swift */; };
		9E5A8A0B2BAAF4AC00E39077 /* ContentView.swift in Sources */ = {isa = PBXBuildFile; fileRef = 9E5A8A0A2BAAF4AC00E39077 /* ContentView.swift */; };
		9E5A8A0D2BAAF4AD00E39077 /* Assets.xcassets in Resources */ = {isa = PBXBuildFile; fileRef = 9E5A8A0C2BAAF4AD00E39077 /* Assets.xcassets */; };
		9E5A8A102BAAF4AD00E39077 /* Preview Assets.xcassets in Resources */ = {isa = PBXBuildFile; fileRef = 9E5A8A0F2BAAF4AD00E39077 /* Preview Assets.xcassets */; };
		9E5A8A1E2BAAF99C00E39077 /* high-score.mp3 in Resources */ = {isa = PBXBuildFile; fileRef = 9E5A8A162BAAF99C00E39077 /* high-score.mp3 */; };
		9E5A8A1F2BAAF99C00E39077 /* background-music.mp3 in Resources */ = {isa = PBXBuildFile; fileRef = 9E5A8A172BAAF99C00E39077 /* background-music.mp3 */; };
		9E5A8A202BAAF99C00E39077 /* win.mp3 in Resources */ = {isa = PBXBuildFile; fileRef = 9E5A8A182BAAF99C00E39077 /* win.mp3 */; };
		9E5A8A212BAAF99C00E39077 /* chimeup.mp3 in Resources */ = {isa = PBXBuildFile; fileRef = 9E5A8A192BAAF99C00E39077 /* chimeup.mp3 */; };
		9E5A8A222BAAF99C00E39077 /* game-over.mp3 in Resources */ = {isa = PBXBuildFile; fileRef = 9E5A8A1A2BAAF99C00E39077 /* game-over.mp3 */; };
		9E5A8A232BAAF99C00E39077 /* riseup.mp3 in Resources */ = {isa = PBXBuildFile; fileRef = 9E5A8A1B2BAAF99C00E39077 /* riseup.mp3 */; };
		9E5A8A242BAAF99C00E39077 /* spin.mp3 in Resources */ = {isa = PBXBuildFile; fileRef = 9E5A8A1C2BAAF99C00E39077 /* spin.mp3 */; };
		9E5A8A252BAAF99C00E39077 /* casino-chips.mp3 in Resources */ = {isa = PBXBuildFile; fileRef = 9E5A8A1D2BAAF99C00E39077 /* casino-chips.mp3 */; };
		9E5A8A2A2BAAFCC700E39077 /* LogoView.swift in Sources */ = {isa = PBXBuildFile; fileRef = 9E5A8A292BAAFCC700E39077 /* LogoView.swift */; };
		9E5A8A2C2BAAFD2A00E39077 /* Modifiers.swift in Sources */ = {isa = PBXBuildFile; fileRef = 9E5A8A2B2BAAFD2A00E39077 /* Modifiers.swift */; };
		9E5A8A2E2BAB01D700E39077 /* Extensions.swift in Sources */ = {isa = PBXBuildFile; fileRef = 9E5A8A2D2BAB01D700E39077 /* Extensions.swift */; };
		9E5A8A312BAB184400E39077 /* ReelView.swift in Sources */ = {isa = PBXBuildFile; fileRef = 9E5A8A302BAB184400E39077 /* ReelView.swift */; };
		9E5A8A332BAB314100E39077 /* InfoView.swift in Sources */ = {isa = PBXBuildFile; fileRef = 9E5A8A322BAB314100E39077 /* InfoView.swift */; };
		9E9078012BB1C0BB00314CFF /* PlaySound.swift in Sources */ = {isa = PBXBuildFile; fileRef = 9E9078002BB1C0BB00314CFF /* PlaySound.swift */; };
/* End PBXBuildFile section */

/* Begin PBXFileReference section */
		9E5A8A052BAAF4AC00E39077 /* Slot.app */ = {isa = PBXFileReference; explicitFileType = wrapper.application; includeInIndex = 0; path = Slot.app; sourceTree = BUILT_PRODUCTS_DIR; };
		9E5A8A082BAAF4AC00E39077 /* SlotApp.swift */ = {isa = PBXFileReference; lastKnownFileType = sourcecode.swift; path = SlotApp.swift; sourceTree = "<group>"; };
		9E5A8A0A2BAAF4AC00E39077 /* ContentView.swift */ = {isa = PBXFileReference; lastKnownFileType = sourcecode.swift; path = ContentView.swift; sourceTree = "<group>"; };
		9E5A8A0C2BAAF4AD00E39077 /* Assets.xcassets */ = {isa = PBXFileReference; lastKnownFileType = folder.assetcatalog; path = Assets.xcassets; sourceTree = "<group>"; };
		9E5A8A0F2BAAF4AD00E39077 /* Preview Assets.xcassets */ = {isa = PBXFileReference; lastKnownFileType = folder.assetcatalog; path = "Preview Assets.xcassets"; sourceTree = "<group>"; };
		9E5A8A162BAAF99C00E39077 /* high-score.mp3 */ = {isa = PBXFileReference; lastKnownFileType = audio.mp3; path = "high-score.mp3"; sourceTree = "<group>"; };
		9E5A8A172BAAF99C00E39077 /* background-music.mp3 */ = {isa = PBXFileReference; lastKnownFileType = audio.mp3; path = "background-music.mp3"; sourceTree = "<group>"; };
		9E5A8A182BAAF99C00E39077 /* win.mp3 */ = {isa = PBXFileReference; lastKnownFileType = audio.mp3; path = win.mp3; sourceTree = "<group>"; };
		9E5A8A192BAAF99C00E39077 /* chimeup.mp3 */ = {isa = PBXFileReference; lastKnownFileType = audio.mp3; path = chimeup.mp3; sourceTree = "<group>"; };
		9E5A8A1A2BAAF99C00E39077 /* game-over.mp3 */ = {isa = PBXFileReference; lastKnownFileType = audio.mp3; path = "game-over.mp3"; sourceTree = "<group>"; };
		9E5A8A1B2BAAF99C00E39077 /* riseup.mp3 */ = {isa = PBXFileReference; lastKnownFileType = audio.mp3; path = riseup.mp3; sourceTree = "<group>"; };
		9E5A8A1C2BAAF99C00E39077 /* spin.mp3 */ = {isa = PBXFileReference; lastKnownFileType = audio.mp3; path = spin.mp3; sourceTree = "<group>"; };
		9E5A8A1D2BAAF99C00E39077 /* casino-chips.mp3 */ = {isa = PBXFileReference; lastKnownFileType = audio.mp3; path = "casino-chips.mp3"; sourceTree = "<group>"; };
		9E5A8A292BAAFCC700E39077 /* LogoView.swift */ = {isa = PBXFileReference; lastKnownFileType = sourcecode.swift; path = LogoView.swift; sourceTree = "<group>"; };
		9E5A8A2B2BAAFD2A00E39077 /* Modifiers.swift */ = {isa = PBXFileReference; lastKnownFileType = sourcecode.swift; path = Modifiers.swift; sourceTree = "<group>"; };
		9E5A8A2D2BAB01D700E39077 /* Extensions.swift */ = {isa = PBXFileReference; lastKnownFileType = sourcecode.swift; path = Extensions.swift; sourceTree = "<group>"; };
		9E5A8A2F2BAB11CF00E39077 /* Info.plist */ = {isa = PBXFileReference; lastKnownFileType = text.plist; path = Info.plist; sourceTree = "<group>"; };
		9E5A8A302BAB184400E39077 /* ReelView.swift */ = {isa = PBXFileReference; lastKnownFileType = sourcecode.swift; path = ReelView.swift; sourceTree = "<group>"; };
		9E5A8A322BAB314100E39077 /* InfoView.swift */ = {isa = PBXFileReference; lastKnownFileType = sourcecode.swift; path = InfoView.swift; sourceTree = "<group>"; };
		9E9078002BB1C0BB00314CFF /* PlaySound.swift */ = {isa = PBXFileReference; lastKnownFileType = sourcecode.swift; path = PlaySound.swift; sourceTree = "<group>"; };
/* End PBXFileReference section */

/* Begin PBXFrameworksBuildPhase section */
		9E5A8A022BAAF4AC00E39077 /* Frameworks */ = {
			isa = PBXFrameworksBuildPhase;
			buildActionMask = 2147483647;
			files = (
			);
			runOnlyForDeploymentPostprocessing = 0;
		};
/* End PBXFrameworksBuildPhase section */

/* Begin PBXGroup section */
		9E5A89FC2BAAF4AC00E39077 = {
			isa = PBXGroup;
			children = (
				9E5A8A072BAAF4AC00E39077 /* Slot */,
				9E5A8A062BAAF4AC00E39077 /* Products */,
			);
			sourceTree = "<group>";
		};
		9E5A8A062BAAF4AC00E39077 /* Products */ = {
			isa = PBXGroup;
			children = (
				9E5A8A052BAAF4AC00E39077 /* Slot.app */,
			);
			name = Products;
			sourceTree = "<group>";
		};
		9E5A8A072BAAF4AC00E39077 /* Slot */ = {
			isa = PBXGroup;
			children = (
				9E5A8A2F2BAB11CF00E39077 /* Info.plist */,
				9E5A8A282BAAFA2B00E39077 /* Helpers */,
				9E5A8A262BAAF9AC00E39077 /* Sounds */,
				9E5A8A082BAAF4AC00E39077 /* SlotApp.swift */,
				9E5A8A272BAAF9C000E39077 /* Views */,
				9E5A8A0C2BAAF4AD00E39077 /* Assets.xcassets */,
				9E5A8A0E2BAAF4AD00E39077 /* Preview Content */,
			);
			path = Slot;
			sourceTree = "<group>";
		};
		9E5A8A0E2BAAF4AD00E39077 /* Preview Content */ = {
			isa = PBXGroup;
			children = (
				9E5A8A0F2BAAF4AD00E39077 /* Preview Assets.xcassets */,
			);
			path = "Preview Content";
			sourceTree = "<group>";
		};
		9E5A8A262BAAF9AC00E39077 /* Sounds */ = {
			isa = PBXGroup;
			children = (
				9E5A8A172BAAF99C00E39077 /* background-music.mp3 */,
				9E5A8A1D2BAAF99C00E39077 /* casino-chips.mp3 */,
				9E5A8A192BAAF99C00E39077 /* chimeup.mp3 */,
				9E5A8A1A2BAAF99C00E39077 /* game-over.mp3 */,
				9E5A8A162BAAF99C00E39077 /* high-score.mp3 */,
				9E5A8A1B2BAAF99C00E39077 /* riseup.mp3 */,
				9E5A8A1C2BAAF99C00E39077 /* spin.mp3 */,
				9E5A8A182BAAF99C00E39077 /* win.mp3 */,
			);
			path = Sounds;
			sourceTree = "<group>";
		};
		9E5A8A272BAAF9C000E39077 /* Views */ = {
			isa = PBXGroup;
			children = (
				9E5A8A0A2BAAF4AC00E39077 /* ContentView.swift */,
				9E5A8A292BAAFCC700E39077 /* LogoView.swift */,
				9E5A8A302BAB184400E39077 /* ReelView.swift */,
				9E5A8A322BAB314100E39077 /* InfoView.swift */,
			);
			path = Views;
			sourceTree = "<group>";
		};
		9E5A8A282BAAFA2B00E39077 /* Helpers */ = {
			isa = PBXGroup;
			children = (
				9E5A8A2B2BAAFD2A00E39077 /* Modifiers.swift */,
				9E5A8A2D2BAB01D700E39077 /* Extensions.swift */,
				9E9078002BB1C0BB00314CFF /* PlaySound.swift */,
			);
			path = Helpers;
			sourceTree = "<group>";
		};
/* End PBXGroup section */

/* Begin PBXNativeTarget section */
		9E5A8A042BAAF4AC00E39077 /* Slot */ = {
			isa = PBXNativeTarget;
			buildConfigurationList = 9E5A8A132BAAF4AD00E39077 /* Build configuration list for PBXNativeTarget "Slot" */;
			buildPhases = (
				9E5A8A012BAAF4AC00E39077 /* Sources */,
				9E5A8A022BAAF4AC00E39077 /* Frameworks */,
				9E5A8A032BAAF4AC00E39077 /* Resources */,
			);
			buildRules = (
			);
			dependencies = (
			);
			name = Slot;
			productName = Slot;
			productReference = 9E5A8A052BAAF4AC00E39077 /* Slot.app */;
			productType = "com.apple.product-type.application";
		};
/* End PBXNativeTarget section */

/* Begin PBXProject section */
		9E5A89FD2BAAF4AC00E39077 /* Project object */ = {
			isa = PBXProject;
			attributes = {
				BuildIndependentTargetsInParallel = 1;
				LastSwiftUpdateCheck = 1530;
				LastUpgradeCheck = 1530;
				TargetAttributes = {
					9E5A8A042BAAF4AC00E39077 = {
						CreatedOnToolsVersion = 15.3;
					};
				};
			};
			buildConfigurationList = 9E5A8A002BAAF4AC00E39077 /* Build configuration list for PBXProject "Slot" */;
			compatibilityVersion = "Xcode 14.0";
			developmentRegion = en;
			hasScannedForEncodings = 0;
			knownRegions = (
				en,
				Base,
			);
			mainGroup = 9E5A89FC2BAAF4AC00E39077;
			productRefGroup = 9E5A8A062BAAF4AC00E39077 /* Products */;
			projectDirPath = "";
			projectRoot = "";
			targets = (
				9E5A8A042BAAF4AC00E39077 /* Slot */,
			);
		};
/* End PBXProject section */

/* Begin PBXResourcesBuildPhase section */
		9E5A8A032BAAF4AC00E39077 /* Resources */ = {
			isa = PBXResourcesBuildPhase;
			buildActionMask = 2147483647;
			files = (
				9E5A8A232BAAF99C00E39077 /* riseup.mp3 in Resources */,
				9E5A8A212BAAF99C00E39077 /* chimeup.mp3 in Resources */,
				9E5A8A242BAAF99C00E39077 /* spin.mp3 in Resources */,
				9E5A8A202BAAF99C00E39077 /* win.mp3 in Resources */,
				9E5A8A1F2BAAF99C00E39077 /* background-music.mp3 in Resources */,
				9E5A8A102BAAF4AD00E39077 /* Preview Assets.xcassets in Resources */,
				9E5A8A222BAAF99C00E39077 /* game-over.mp3 in Resources */,
				9E5A8A0D2BAAF4AD00E39077 /* Assets.xcassets in Resources */,
				9E5A8A1E2BAAF99C00E39077 /* high-score.mp3 in Resources */,
				9E5A8A252BAAF99C00E39077 /* casino-chips.mp3 in Resources */,
			);
			runOnlyForDeploymentPostprocessing = 0;
		};
/* End PBXResourcesBuildPhase section */

/* Begin PBXSourcesBuildPhase section */
		9E5A8A012BAAF4AC00E39077 /* Sources */ = {
			isa = PBXSourcesBuildPhase;
			buildActionMask = 2147483647;
			files = (
				9E5A8A2E2BAB01D700E39077 /* Extensions.swift in Sources */,
				9E9078012BB1C0BB00314CFF /* PlaySound.swift in Sources */,
				9E5A8A2C2BAAFD2A00E39077 /* Modifiers.swift in Sources */,
				9E5A8A0B2BAAF4AC00E39077 /* ContentView.swift in Sources */,
				9E5A8A2A2BAAFCC700E39077 /* LogoView.swift in Sources */,
				9E5A8A312BAB184400E39077 /* ReelView.swift in Sources */,
				9E5A8A092BAAF4AC00E39077 /* SlotApp.swift in Sources */,
				9E5A8A332BAB314100E39077 /* InfoView.swift in Sources */,
			);
			runOnlyForDeploymentPostprocessing = 0;
		};
/* End PBXSourcesBuildPhase section */

/* Begin XCBuildConfiguration section */
		9E5A8A112BAAF4AD00E39077 /* Debug */ = {
			isa = XCBuildConfiguration;
			buildSettings = {
				ALWAYS_SEARCH_USER_PATHS = NO;
				ASSETCATALOG_COMPILER_GENERATE_SWIFT_ASSET_SYMBOL_EXTENSIONS = YES;
				CLANG_ANALYZER_NONNULL = YES;
				CLANG_ANALYZER_NUMBER_OBJECT_CONVERSION = YES_AGGRESSIVE;
				CLANG_CXX_LANGUAGE_STANDARD = "gnu++20";
				CLANG_ENABLE_MODULES = YES;
				CLANG_ENABLE_OBJC_ARC = YES;
				CLANG_ENABLE_OBJC_WEAK = YES;
				CLANG_WARN_BLOCK_CAPTURE_AUTORELEASING = YES;
				CLANG_WARN_BOOL_CONVERSION = YES;
				CLANG_WARN_COMMA = YES;
				CLANG_WARN_CONSTANT_CONVERSION = YES;
				CLANG_WARN_DEPRECATED_OBJC_IMPLEMENTATIONS = YES;
				CLANG_WARN_DIRECT_OBJC_ISA_USAGE = YES_ERROR;
				CLANG_WARN_DOCUMENTATION_COMMENTS = YES;
				CLANG_WARN_EMPTY_BODY = YES;
				CLANG_WARN_ENUM_CONVERSION = YES;
				CLANG_WARN_INFINITE_RECURSION = YES;
				CLANG_WARN_INT_CONVERSION = YES;
				CLANG_WARN_NON_LITERAL_NULL_CONVERSION = YES;
				CLANG_WARN_OBJC_IMPLICIT_RETAIN_SELF = YES;
				CLANG_WARN_OBJC_LITERAL_CONVERSION = YES;
				CLANG_WARN_OBJC_ROOT_CLASS = YES_ERROR;
				CLANG_WARN_QUOTED_INCLUDE_IN_FRAMEWORK_HEADER = YES;
				CLANG_WARN_RANGE_LOOP_ANALYSIS = YES;
				CLANG_WARN_STRICT_PROTOTYPES = YES;
				CLANG_WARN_SUSPICIOUS_MOVE = YES;
				CLANG_WARN_UNGUARDED_AVAILABILITY = YES_AGGRESSIVE;
				CLANG_WARN_UNREACHABLE_CODE = YES;
				CLANG_WARN__DUPLICATE_METHOD_MATCH = YES;
				COPY_PHASE_STRIP = NO;
				DEBUG_INFORMATION_FORMAT = dwarf;
				ENABLE_STRICT_OBJC_MSGSEND = YES;
				ENABLE_TESTABILITY = YES;
				ENABLE_USER_SCRIPT_SANDBOXING = YES;
				GCC_C_LANGUAGE_STANDARD = gnu17;
				GCC_DYNAMIC_NO_PIC = NO;
				GCC_NO_COMMON_BLOCKS = YES;
				GCC_OPTIMIZATION_LEVEL = 0;
				GCC_PREPROCESSOR_DEFINITIONS = (
					"DEBUG=1",
					"$(inherited)",
				);
				GCC_WARN_64_TO_32_BIT_CONVERSION = YES;
				GCC_WARN_ABOUT_RETURN_TYPE = YES_ERROR;
				GCC_WARN_UNDECLARED_SELECTOR = YES;
				GCC_WARN_UNINITIALIZED_AUTOS = YES_AGGRESSIVE;
				GCC_WARN_UNUSED_FUNCTION = YES;
				GCC_WARN_UNUSED_VARIABLE = YES;
				IPHONEOS_DEPLOYMENT_TARGET = 17.4;
				LOCALIZATION_PREFERS_STRING_CATALOGS = YES;
				MTL_ENABLE_DEBUG_INFO = INCLUDE_SOURCE;
				MTL_FAST_MATH = YES;
				ONLY_ACTIVE_ARCH = YES;
				SDKROOT = iphoneos;
				SWIFT_ACTIVE_COMPILATION_CONDITIONS = "DEBUG $(inherited)";
				SWIFT_OPTIMIZATION_LEVEL = "-Onone";
			};
			name = Debug;
		};
		9E5A8A122BAAF4AD00E39077 /* Release */ = {
			isa = XCBuildConfiguration;
			buildSettings = {
				ALWAYS_SEARCH_USER_PATHS = NO;
				ASSETCATALOG_COMPILER_GENERATE_SWIFT_ASSET_SYMBOL_EXTENSIONS = YES;
				CLANG_ANALYZER_NONNULL = YES;
				CLANG_ANALYZER_NUMBER_OBJECT_CONVERSION = YES_AGGRESSIVE;
				CLANG_CXX_LANGUAGE_STANDARD = "gnu++20";
				CLANG_ENABLE_MODULES = YES;
				CLANG_ENABLE_OBJC_ARC = YES;
				CLANG_ENABLE_OBJC_WEAK = YES;
				CLANG_WARN_BLOCK_CAPTURE_AUTORELEASING = YES;
				CLANG_WARN_BOOL_CONVERSION = YES;
				CLANG_WARN_COMMA = YES;
				CLANG_WARN_CONSTANT_CONVERSION = YES;
				CLANG_WARN_DEPRECATED_OBJC_IMPLEMENTATIONS = YES;
				CLANG_WARN_DIRECT_OBJC_ISA_USAGE = YES_ERROR;
				CLANG_WARN_DOCUMENTATION_COMMENTS = YES;
				CLANG_WARN_EMPTY_BODY = YES;
				CLANG_WARN_ENUM_CONVERSION = YES;
				CLANG_WARN_INFINITE_RECURSION = YES;
				CLANG_WARN_INT_CONVERSION = YES;
				CLANG_WARN_NON_LITERAL_NULL_CONVERSION = YES;
				CLANG_WARN_OBJC_IMPLICIT_RETAIN_SELF = YES;
				CLANG_WARN_OBJC_LITERAL_CONVERSION = YES;
				CLANG_WARN_OBJC_ROOT_CLASS = YES_ERROR;
				CLANG_WARN_QUOTED_INCLUDE_IN_FRAMEWORK_HEADER = YES;
				CLANG_WARN_RANGE_LOOP_ANALYSIS = YES;
				CLANG_WARN_STRICT_PROTOTYPES = YES;
				CLANG_WARN_SUSPICIOUS_MOVE = YES;
				CLANG_WARN_UNGUARDED_AVAILABILITY = YES_AGGRESSIVE;
				CLANG_WARN_UNREACHABLE_CODE = YES;
				CLANG_WARN__DUPLICATE_METHOD_MATCH = YES;
				COPY_PHASE_STRIP = NO;
				DEBUG_INFORMATION_FORMAT = "dwarf-with-dsym";
				ENABLE_NS_ASSERTIONS = NO;
				ENABLE_STRICT_OBJC_MSGSEND = YES;
				ENABLE_USER_SCRIPT_SANDBOXING = YES;
				GCC_C_LANGUAGE_STANDARD = gnu17;
				GCC_NO_COMMON_BLOCKS = YES;
				GCC_WARN_64_TO_32_BIT_CONVERSION = YES;
				GCC_WARN_ABOUT_RETURN_TYPE = YES_ERROR;
				GCC_WARN_UNDECLARED_SELECTOR = YES;
				GCC_WARN_UNINITIALIZED_AUTOS = YES_AGGRESSIVE;
				GCC_WARN_UNUSED_FUNCTION = YES;
				GCC_WARN_UNUSED_VARIABLE = YES;
				IPHONEOS_DEPLOYMENT_TARGET = 17.4;
				LOCALIZATION_PREFERS_STRING_CATALOGS = YES;
				MTL_ENABLE_DEBUG_INFO = NO;
				MTL_FAST_MATH = YES;
				SDKROOT = iphoneos;
				SWIFT_COMPILATION_MODE = wholemodule;
				VALIDATE_PRODUCT = YES;
			};
			name = Release;
		};
		9E5A8A142BAAF4AD00E39077 /* Debug */ = {
			isa = XCBuildConfiguration;
			buildSettings = {
				ASSETCATALOG_COMPILER_APPICON_NAME = AppIcon;
				ASSETCATALOG_COMPILER_GLOBAL_ACCENT_COLOR_NAME = AccentColor;
				CODE_SIGN_STYLE = Automatic;
				CURRENT_PROJECT_VERSION = 1;
				DEVELOPMENT_ASSET_PATHS = "\"Slot/Preview Content\"";
				DEVELOPMENT_TEAM = W24A4VSSJA;
				ENABLE_PREVIEWS = YES;
				GENERATE_INFOPLIST_FILE = YES;
				INFOPLIST_FILE = Slot/Info.plist;
				INFOPLIST_KEY_LSApplicationCategoryType = "public.app-category.casino-games";
				INFOPLIST_KEY_UIApplicationSceneManifest_Generation = YES;
				INFOPLIST_KEY_UIApplicationSupportsIndirectInputEvents = YES;
				INFOPLIST_KEY_UIStatusBarStyle = UIStatusBarStyleLightContent;
				INFOPLIST_KEY_UISupportedInterfaceOrientations = UIInterfaceOrientationPortrait;
				LD_RUNPATH_SEARCH_PATHS = (
					"$(inherited)",
					"@executable_path/Frameworks",
				);
				MARKETING_VERSION = 1.0;
				PRODUCT_BUNDLE_IDENTIFIER = com.swiftuimasterclas.Slot;
				PRODUCT_NAME = "$(TARGET_NAME)";
				SWIFT_EMIT_LOC_STRINGS = YES;
				SWIFT_VERSION = 5.0;
				TARGETED_DEVICE_FAMILY = "1,2";
			};
			name = Debug;
		};
		9E5A8A152BAAF4AD00E39077 /* Release */ = {
			isa = XCBuildConfiguration;
			buildSettings = {
				ASSETCATALOG_COMPILER_APPICON_NAME = AppIcon;
				ASSETCATALOG_COMPILER_GLOBAL_ACCENT_COLOR_NAME = AccentColor;
				CODE_SIGN_STYLE = Automatic;
				CURRENT_PROJECT_VERSION = 1;
				DEVELOPMENT_ASSET_PATHS = "\"Slot/Preview Content\"";
				DEVELOPMENT_TEAM = W24A4VSSJA;
				ENABLE_PREVIEWS = YES;
				GENERATE_INFOPLIST_FILE = YES;
				INFOPLIST_FILE = Slot/Info.plist;
				INFOPLIST_KEY_LSApplicationCategoryType = "public.app-category.casino-games";
				INFOPLIST_KEY_UIApplicationSceneManifest_Generation = YES;
				INFOPLIST_KEY_UIApplicationSupportsIndirectInputEvents = YES;
				INFOPLIST_KEY_UIStatusBarStyle = UIStatusBarStyleLightContent;
				INFOPLIST_KEY_UISupportedInterfaceOrientations = UIInterfaceOrientationPortrait;
				LD_RUNPATH_SEARCH_PATHS = (
					"$(inherited)",
					"@executable_path/Frameworks",
				);
				MARKETING_VERSION = 1.0;
				PRODUCT_BUNDLE_IDENTIFIER = com.swiftuimasterclas.Slot;
				PRODUCT_NAME = "$(TARGET_NAME)";
				SWIFT_EMIT_LOC_STRINGS = YES;
				SWIFT_VERSION = 5.0;
				TARGETED_DEVICE_FAMILY = "1,2";
			};
			name = Release;
		};
/* End XCBuildConfiguration section */

/* Begin XCConfigurationList section */
		9E5A8A002BAAF4AC00E39077 /* Build configuration list for PBXProject "Slot" */ = {
			isa = XCConfigurationList;
			buildConfigurations = (
				9E5A8A112BAAF4AD00E39077 /* Debug */,
				9E5A8A122BAAF4AD00E39077 /* Release */,
			);
			defaultConfigurationIsVisible = 0;
			defaultConfigurationName = Release;
		};
		9E5A8A132BAAF4AD00E39077 /* Build configuration list for PBXNativeTarget "Slot" */ = {
			isa = XCConfigurationList;
			buildConfigurations = (
				9E5A8A142BAAF4AD00E39077 /* Debug */,
				9E5A8A152BAAF4AD00E39077 /* Release */,
			);
			defaultConfigurationIsVisible = 0;
			defaultConfigurationName = Release;
		};
/* End XCConfigurationList section */
	};
	rootObject = 9E5A89FD2BAAF4AC00E39077 /* Project object */;
}
